
Microsoft Visual Studio Solution File, Format Version 12.00
# Visual Studio 2012
VisualStudioVersion = 14.0.23107.0
MinimumVisualStudioVersion = 10.0.40219.1
Project("{D954291E-2A0B-460D-934E-DC6B0785DB48}") = "XamarinIteration3", "XamarinStufe3\XamarinStufe3\XamarinIteration3.shproj", "{98E6F001-0B41-48FE-B84A-AD8968E4C19A}"
EndProject
Project("{FAE04EC0-301F-11D3-BF4B-00C04F79EFBC}") = "XamarinStufe3.iOS", "XamarinStufe3\XamarinStufe3.iOS\XamarinStufe3.iOS.csproj", "{CEF0254D-708E-438E-B7B1-F83F2C1B5E2C}"
EndProject
Project("{FAE04EC0-301F-11D3-BF4B-00C04F79EFBC}") = "XamarinIteration3.Droid", "XamarinStufe3\XamarinStufe3.Droid\XamarinIteration3.Droid.csproj", "{32F9704A-FF27-4009-945E-CCEA6645BDE3}"
EndProject
Global
	GlobalSection(SolutionConfigurationPlatforms) = preSolution
		Debug|Any CPU = Debug|Any CPU
		Debug|ARM = Debug|ARM
		Debug|iPhone = Debug|iPhone
		Debug|iPhoneSimulator = Debug|iPhoneSimulator
		Debug|x86 = Debug|x86
		Release|Any CPU = Release|Any CPU
		Release|ARM = Release|ARM
		Release|iPhone = Release|iPhone
		Release|iPhoneSimulator = Release|iPhoneSimulator
		Release|x86 = Release|x86
	EndGlobalSection
	GlobalSection(ProjectConfigurationPlatforms) = postSolution
		{32F9704A-FF27-4009-945E-CCEA6645BDE3}.Debug|Any CPU.ActiveCfg = Debug|Any CPU
		{32F9704A-FF27-4009-945E-CCEA6645BDE3}.Debug|Any CPU.Build.0 = Debug|Any CPU
		{32F9704A-FF27-4009-945E-CCEA6645BDE3}.Debug|Any CPU.Deploy.0 = Debug|Any CPU
		{32F9704A-FF27-4009-945E-CCEA6645BDE3}.Debug|ARM.ActiveCfg = Debug|Any CPU
		{32F9704A-FF27-4009-945E-CCEA6645BDE3}.Debug|ARM.Build.0 = Debug|Any CPU
		{32F9704A-FF27-4009-945E-CCEA6645BDE3}.Debug|ARM.Deploy.0 = Debug|Any CPU
		{32F9704A-FF27-4009-945E-CCEA6645BDE3}.Debug|iPhone.ActiveCfg = Debug|Any CPU
		{32F9704A-FF27-4009-945E-CCEA6645BDE3}.Debug|iPhone.Build.0 = Debug|Any CPU
		{32F9704A-FF27-4009-945E-CCEA6645BDE3}.Debug|iPhone.Deploy.0 = Debug|Any CPU
		{32F9704A-FF27-4009-945E-CCEA6645BDE3}.Debug|iPhoneSimulator.ActiveCfg = Debug|Any CPU
		{32F9704A-FF27-4009-945E-CCEA6645BDE3}.Debug|iPhoneSimulator.Build.0 = Debug|Any CPU
		{32F9704A-FF27-4009-945E-CCEA6645BDE3}.Debug|iPhoneSimulator.Deploy.0 = Debug|Any CPU
		{32F9704A-FF27-4009-945E-CCEA6645BDE3}.Debug|x86.ActiveCfg = Debug|Any CPU
		{32F9704A-FF27-4009-945E-CCEA6645BDE3}.Debug|x86.Build.0 = Debug|Any CPU
		{32F9704A-FF27-4009-945E-CCEA6645BDE3}.Debug|x86.Deploy.0 = Debug|Any CPU
		{32F9704A-FF27-4009-945E-CCEA6645BDE3}.Release|Any CPU.ActiveCfg = Release|Any CPU
		{32F9704A-FF27-4009-945E-CCEA6645BDE3}.Release|Any CPU.Build.0 = Release|Any CPU
		{32F9704A-FF27-4009-945E-CCEA6645BDE3}.Release|Any CPU.Deploy.0 = Release|Any CPU
		{32F9704A-FF27-4009-945E-CCEA6645BDE3}.Release|ARM.ActiveCfg = Release|Any CPU
		{32F9704A-FF27-4009-945E-CCEA6645BDE3}.Release|ARM.Build.0 = Release|Any CPU
		{32F9704A-FF27-4009-945E-CCEA6645BDE3}.Release|ARM.Deploy.0 = Release|Any CPU
		{32F9704A-FF27-4009-945E-CCEA6645BDE3}.Release|iPhone.ActiveCfg = Release|Any CPU
		{32F9704A-FF27-4009-945E-CCEA6645BDE3}.Release|iPhone.Build.0 = Release|Any CPU
		{32F9704A-FF27-4009-945E-CCEA6645BDE3}.Release|iPhone.Deploy.0 = Release|Any CPU
		{32F9704A-FF27-4009-945E-CCEA6645BDE3}.Release|iPhoneSimulator.ActiveCfg = Release|Any CPU
		{32F9704A-FF27-4009-945E-CCEA6645BDE3}.Release|iPhoneSimulator.Build.0 = Release|Any CPU
		{32F9704A-FF27-4009-945E-CCEA6645BDE3}.Release|iPhoneSimulator.Deploy.0 = Release|Any CPU
		{32F9704A-FF27-4009-945E-CCEA6645BDE3}.Release|x86.ActiveCfg = Release|Any CPU
		{32F9704A-FF27-4009-945E-CCEA6645BDE3}.Release|x86.Build.0 = Release|Any CPU
		{32F9704A-FF27-4009-945E-CCEA6645BDE3}.Release|x86.Deploy.0 = Release|Any CPU
		{CEF0254D-708E-438E-B7B1-F83F2C1B5E2C}.Debug|Any CPU.ActiveCfg = Debug|iPhone
		{CEF0254D-708E-438E-B7B1-F83F2C1B5E2C}.Debug|ARM.ActiveCfg = Debug|iPhone
		{CEF0254D-708E-438E-B7B1-F83F2C1B5E2C}.Debug|iPhone.ActiveCfg = Debug|iPhone
		{CEF0254D-708E-438E-B7B1-F83F2C1B5E2C}.Debug|iPhone.Build.0 = Debug|iPhone
		{CEF0254D-708E-438E-B7B1-F83F2C1B5E2C}.Debug|iPhoneSimulator.ActiveCfg = Debug|iPhoneSimulator
		{CEF0254D-708E-438E-B7B1-F83F2C1B5E2C}.Debug|iPhoneSimulator.Build.0 = Debug|iPhoneSimulator
		{CEF0254D-708E-438E-B7B1-F83F2C1B5E2C}.Debug|x86.ActiveCfg = Debug|iPhone
		{CEF0254D-708E-438E-B7B1-F83F2C1B5E2C}.Release|Any CPU.ActiveCfg = Release|iPhone
		{CEF0254D-708E-438E-B7B1-F83F2C1B5E2C}.Release|ARM.ActiveCfg = Release|iPhone
		{CEF0254D-708E-438E-B7B1-F83F2C1B5E2C}.Release|iPhone.ActiveCfg = Release|iPhone
		{CEF0254D-708E-438E-B7B1-F83F2C1B5E2C}.Release|iPhone.Build.0 = Release|iPhone
		{CEF0254D-708E-438E-B7B1-F83F2C1B5E2C}.Release|iPhoneSimulator.ActiveCfg = Release|iPhoneSimulator
		{CEF0254D-708E-438E-B7B1-F83F2C1B5E2C}.Release|iPhoneSimulator.Build.0 = Release|iPhoneSimulator
		{CEF0254D-708E-438E-B7B1-F83F2C1B5E2C}.Release|x86.ActiveCfg = Release|iPhone
	EndGlobalSection
	GlobalSection(SharedMSBuildProjectFiles) = preSolution
		XamarinStufe3\XamarinStufe3\XamarinStufe3.projitems*{32f9704a-ff27-4009-945e-ccea6645bde3}*SharedItemsImports = 4
		XamarinStufe3\XamarinStufe3\XamarinStufe3.projitems*{98e6f001-0b41-48fe-b84a-ad8968e4c19a}*SharedItemsImports = 13
		XamarinStufe3\XamarinStufe3\XamarinStufe3.projitems*{cef0254d-708e-438e-b7b1-f83f2c1b5e2c}*SharedItemsImports = 4
	EndGlobalSection
	GlobalSection(SolutionProperties) = preSolution
		HideSolutionNode = FALSE
	EndGlobalSection
EndGlobal
