
Microsoft Visual Studio Solution File, Format Version 12.00
# Visual Studio 2012
VisualStudioVersion = 14.0.23107.0
MinimumVisualStudioVersion = 10.0.40219.1
Project("{FAE04EC0-301F-11D3-BF4B-00C04F79EFBC}") = "XamarinIteration2", "XamarinStufe2\XamarinStufe2\XamarinIteration2.csproj", "{9E017EDF-7624-422F-AC3F-E4AC7615DB23}"
EndProject
Project("{FAE04EC0-301F-11D3-BF4B-00C04F79EFBC}") = "XamarinIteration2.iOS", "XamarinStufe2\XamarinStufe2.iOS\XamarinIteration2.iOS.csproj", "{5284BFA5-4B3F-48DE-A883-C9A13662F360}"
EndProject
Project("{FAE04EC0-301F-11D3-BF4B-00C04F79EFBC}") = "XamarinIteration2.Droid", "XamarinStufe2\XamarinStufe2.Droid\XamarinIteration2.Droid.csproj", "{27756B82-1DFE-482F-BF39-EE1EAAD23935}"
EndProject
Global
	GlobalSection(SolutionConfigurationPlatforms) = preSolution
		Debug|Any CPU = Debug|Any CPU
		Debug|ARM = Debug|ARM
		Debug|iPhone = Debug|iPhone
		Debug|iPhoneSimulator = Debug|iPhoneSimulator
		Debug|x86 = Debug|x86
		Release|Any CPU = Release|Any CPU
		Release|ARM = Release|ARM
		Release|iPhone = Release|iPhone
		Release|iPhoneSimulator = Release|iPhoneSimulator
		Release|x86 = Release|x86
	EndGlobalSection
	GlobalSection(ProjectConfigurationPlatforms) = postSolution
		{27756B82-1DFE-482F-BF39-EE1EAAD23935}.Debug|Any CPU.ActiveCfg = Debug|Any CPU
		{27756B82-1DFE-482F-BF39-EE1EAAD23935}.Debug|Any CPU.Build.0 = Debug|Any CPU
		{27756B82-1DFE-482F-BF39-EE1EAAD23935}.Debug|Any CPU.Deploy.0 = Debug|Any CPU
		{27756B82-1DFE-482F-BF39-EE1EAAD23935}.Debug|ARM.ActiveCfg = Debug|Any CPU
		{27756B82-1DFE-482F-BF39-EE1EAAD23935}.Debug|ARM.Build.0 = Debug|Any CPU
		{27756B82-1DFE-482F-BF39-EE1EAAD23935}.Debug|ARM.Deploy.0 = Debug|Any CPU
		{27756B82-1DFE-482F-BF39-EE1EAAD23935}.Debug|iPhone.ActiveCfg = Debug|Any CPU
		{27756B82-1DFE-482F-BF39-EE1EAAD23935}.Debug|iPhone.Build.0 = Debug|Any CPU
		{27756B82-1DFE-482F-BF39-EE1EAAD23935}.Debug|iPhone.Deploy.0 = Debug|Any CPU
		{27756B82-1DFE-482F-BF39-EE1EAAD23935}.Debug|iPhoneSimulator.ActiveCfg = Debug|Any CPU
		{27756B82-1DFE-482F-BF39-EE1EAAD23935}.Debug|iPhoneSimulator.Build.0 = Debug|Any CPU
		{27756B82-1DFE-482F-BF39-EE1EAAD23935}.Debug|iPhoneSimulator.Deploy.0 = Debug|Any CPU
		{27756B82-1DFE-482F-BF39-EE1EAAD23935}.Debug|x86.ActiveCfg = Debug|Any CPU
		{27756B82-1DFE-482F-BF39-EE1EAAD23935}.Debug|x86.Build.0 = Debug|Any CPU
		{27756B82-1DFE-482F-BF39-EE1EAAD23935}.Debug|x86.Deploy.0 = Debug|Any CPU
		{27756B82-1DFE-482F-BF39-EE1EAAD23935}.Release|Any CPU.ActiveCfg = Release|Any CPU
		{27756B82-1DFE-482F-BF39-EE1EAAD23935}.Release|Any CPU.Build.0 = Release|Any CPU
		{27756B82-1DFE-482F-BF39-EE1EAAD23935}.Release|Any CPU.Deploy.0 = Release|Any CPU
		{27756B82-1DFE-482F-BF39-EE1EAAD23935}.Release|ARM.ActiveCfg = Release|Any CPU
		{27756B82-1DFE-482F-BF39-EE1EAAD23935}.Release|ARM.Build.0 = Release|Any CPU
		{27756B82-1DFE-482F-BF39-EE1EAAD23935}.Release|ARM.Deploy.0 = Release|Any CPU
		{27756B82-1DFE-482F-BF39-EE1EAAD23935}.Release|iPhone.ActiveCfg = Release|Any CPU
		{27756B82-1DFE-482F-BF39-EE1EAAD23935}.Release|iPhone.Build.0 = Release|Any CPU
		{27756B82-1DFE-482F-BF39-EE1EAAD23935}.Release|iPhone.Deploy.0 = Release|Any CPU
		{27756B82-1DFE-482F-BF39-EE1EAAD23935}.Release|iPhoneSimulator.ActiveCfg = Release|Any CPU
		{27756B82-1DFE-482F-BF39-EE1EAAD23935}.Release|iPhoneSimulator.Build.0 = Release|Any CPU
		{27756B82-1DFE-482F-BF39-EE1EAAD23935}.Release|iPhoneSimulator.Deploy.0 = Release|Any CPU
		{27756B82-1DFE-482F-BF39-EE1EAAD23935}.Release|x86.ActiveCfg = Release|Any CPU
		{27756B82-1DFE-482F-BF39-EE1EAAD23935}.Release|x86.Build.0 = Release|Any CPU
		{27756B82-1DFE-482F-BF39-EE1EAAD23935}.Release|x86.Deploy.0 = Release|Any CPU
		{5284BFA5-4B3F-48DE-A883-C9A13662F360}.Debug|Any CPU.ActiveCfg = Debug|iPhone
		{5284BFA5-4B3F-48DE-A883-C9A13662F360}.Debug|ARM.ActiveCfg = Debug|iPhone
		{5284BFA5-4B3F-48DE-A883-C9A13662F360}.Debug|iPhone.ActiveCfg = Debug|iPhone
		{5284BFA5-4B3F-48DE-A883-C9A13662F360}.Debug|iPhone.Build.0 = Debug|iPhone
		{5284BFA5-4B3F-48DE-A883-C9A13662F360}.Debug|iPhoneSimulator.ActiveCfg = Debug|iPhoneSimulator
		{5284BFA5-4B3F-48DE-A883-C9A13662F360}.Debug|iPhoneSimulator.Build.0 = Debug|iPhoneSimulator
		{5284BFA5-4B3F-48DE-A883-C9A13662F360}.Debug|x86.ActiveCfg = Debug|iPhone
		{5284BFA5-4B3F-48DE-A883-C9A13662F360}.Release|Any CPU.ActiveCfg = Release|iPhone
		{5284BFA5-4B3F-48DE-A883-C9A13662F360}.Release|ARM.ActiveCfg = Release|iPhone
		{5284BFA5-4B3F-48DE-A883-C9A13662F360}.Release|iPhone.ActiveCfg = Release|iPhone
		{5284BFA5-4B3F-48DE-A883-C9A13662F360}.Release|iPhone.Build.0 = Release|iPhone
		{5284BFA5-4B3F-48DE-A883-C9A13662F360}.Release|iPhoneSimulator.ActiveCfg = Release|iPhoneSimulator
		{5284BFA5-4B3F-48DE-A883-C9A13662F360}.Release|iPhoneSimulator.Build.0 = Release|iPhoneSimulator
		{5284BFA5-4B3F-48DE-A883-C9A13662F360}.Release|x86.ActiveCfg = Release|iPhone
		{9E017EDF-7624-422F-AC3F-E4AC7615DB23}.Debug|Any CPU.ActiveCfg = Debug|Any CPU
		{9E017EDF-7624-422F-AC3F-E4AC7615DB23}.Debug|Any CPU.Build.0 = Debug|Any CPU
		{9E017EDF-7624-422F-AC3F-E4AC7615DB23}.Debug|ARM.ActiveCfg = Debug|Any CPU
		{9E017EDF-7624-422F-AC3F-E4AC7615DB23}.Debug|ARM.Build.0 = Debug|Any CPU
		{9E017EDF-7624-422F-AC3F-E4AC7615DB23}.Debug|iPhone.ActiveCfg = Debug|Any CPU
		{9E017EDF-7624-422F-AC3F-E4AC7615DB23}.Debug|iPhone.Build.0 = Debug|Any CPU
		{9E017EDF-7624-422F-AC3F-E4AC7615DB23}.Debug|iPhoneSimulator.ActiveCfg = Debug|Any CPU
		{9E017EDF-7624-422F-AC3F-E4AC7615DB23}.Debug|iPhoneSimulator.Build.0 = Debug|Any CPU
		{9E017EDF-7624-422F-AC3F-E4AC7615DB23}.Debug|x86.ActiveCfg = Debug|Any CPU
		{9E017EDF-7624-422F-AC3F-E4AC7615DB23}.Debug|x86.Build.0 = Debug|Any CPU
		{9E017EDF-7624-422F-AC3F-E4AC7615DB23}.Release|Any CPU.ActiveCfg = Release|Any CPU
		{9E017EDF-7624-422F-AC3F-E4AC7615DB23}.Release|Any CPU.Build.0 = Release|Any CPU
		{9E017EDF-7624-422F-AC3F-E4AC7615DB23}.Release|ARM.ActiveCfg = Release|Any CPU
		{9E017EDF-7624-422F-AC3F-E4AC7615DB23}.Release|ARM.Build.0 = Release|Any CPU
		{9E017EDF-7624-422F-AC3F-E4AC7615DB23}.Release|iPhone.ActiveCfg = Release|Any CPU
		{9E017EDF-7624-422F-AC3F-E4AC7615DB23}.Release|iPhone.Build.0 = Release|Any CPU
		{9E017EDF-7624-422F-AC3F-E4AC7615DB23}.Release|iPhoneSimulator.ActiveCfg = Release|Any CPU
		{9E017EDF-7624-422F-AC3F-E4AC7615DB23}.Release|iPhoneSimulator.Build.0 = Release|Any CPU
		{9E017EDF-7624-422F-AC3F-E4AC7615DB23}.Release|x86.ActiveCfg = Release|Any CPU
		{9E017EDF-7624-422F-AC3F-E4AC7615DB23}.Release|x86.Build.0 = Release|Any CPU
	EndGlobalSection
	GlobalSection(SolutionProperties) = preSolution
		HideSolutionNode = FALSE
	EndGlobalSection
EndGlobal
